
Microsoft Visual Studio Solution File, Format Version 12.00
# Visual Studio Version 16
VisualStudioVersion = 16.0.810.14
MinimumVisualStudioVersion = 10.0.40219.1
Project("{FAE04EC0-301F-11D3-BF4B-00C04F79EFBC}") = "BitTrackerLib", "BitTrackerLib\BitTrackerLib.csproj", "{36A67FC8-9963-4E67-A2D7-40814D631F08}"
EndProject
Project("{FAE04EC0-301F-11D3-BF4B-00C04F79EFBC}") = "TrackerTests", "TrackerTests\TrackerTests.csproj", "{8544771D-345B-48DF-A8A3-61C8D7C60A36}"
EndProject
Global
	GlobalSection(SolutionConfigurationPlatforms) = preSolution
		Debug|Any CPU = Debug|Any CPU
		Release|Any CPU = Release|Any CPU
	EndGlobalSection
	GlobalSection(ProjectConfigurationPlatforms) = postSolution
		{36A67FC8-9963-4E67-A2D7-40814D631F08}.Debug|Any CPU.ActiveCfg = Debug|Any CPU
		{36A67FC8-9963-4E67-A2D7-40814D631F08}.Debug|Any CPU.Build.0 = Debug|Any CPU
		{36A67FC8-9963-4E67-A2D7-40814D631F08}.Release|Any CPU.ActiveCfg = Release|Any CPU
		{36A67FC8-9963-4E67-A2D7-40814D631F08}.Release|Any CPU.Build.0 = Release|Any CPU
		{8544771D-345B-48DF-A8A3-61C8D7C60A36}.Debug|Any CPU.ActiveCfg = Debug|Any CPU
		{8544771D-345B-48DF-A8A3-61C8D7C60A36}.Debug|Any CPU.Build.0 = Debug|Any CPU
		{8544771D-345B-48DF-A8A3-61C8D7C60A36}.Release|Any CPU.ActiveCfg = Release|Any CPU
		{8544771D-345B-48DF-A8A3-61C8D7C60A36}.Release|Any CPU.Build.0 = Release|Any CPU
	EndGlobalSection
	GlobalSection(SolutionProperties) = preSolution
		HideSolutionNode = FALSE
	EndGlobalSection
	GlobalSection(ExtensibilityGlobals) = postSolution
		SolutionGuid = {DBF47044-698E-4C56-A1EC-5AC5A3363AD0}
	EndGlobalSection
EndGlobal
